
Microsoft Visual Studio Solution File, Format Version 12.00
Project("{FAE04EC0-301F-11D3-BF4B-00C04F79EFBC}") = "TeremunsCarrierAssistant", "TeremunsCarrierAssistant.csproj", "{4BB18A6E-D631-4A18-98A9-F38953F59837}"
EndProject
Global
	GlobalSection(SolutionConfigurationPlatforms) = preSolution
		Debug|Any CPU = Debug|Any CPU
		Release|Any CPU = Release|Any CPU
	EndGlobalSection
	GlobalSection(ProjectConfigurationPlatforms) = postSolution
		{4BB18A6E-D631-4A18-98A9-F38953F59837}.Debug|Any CPU.ActiveCfg = Debug|Any CPU
		{4BB18A6E-D631-4A18-98A9-F38953F59837}.Debug|Any CPU.Build.0 = Debug|Any CPU
		{4BB18A6E-D631-4A18-98A9-F38953F59837}.Release|Any CPU.ActiveCfg = Release|Any CPU
		{4BB18A6E-D631-4A18-98A9-F38953F59837}.Release|Any CPU.Build.0 = Release|Any CPU
	EndGlobalSection
EndGlobal
